
Microsoft Visual Studio Solution File, Format Version 11.00
# Visual Studio 2010
Project("{FAE04EC0-301F-11D3-BF4B-00C04F79EFBC}") = "Assembly-CSharp", "Assembly-CSharp.csproj", "{7949AAA1-4EE6-D9FF-BEE0-D046C6C04472}"
EndProject
Project("{FAE04EC0-301F-11D3-BF4B-00C04F79EFBC}") = "Assembly-CSharp-Editor", "Assembly-CSharp-Editor.csproj", "{CA65E8B0-AED0-718B-07C5-2151B335D1DA}"
EndProject
Global
	GlobalSection(SolutionConfigurationPlatforms) = preSolution
		Debug|Any CPU = Debug|Any CPU
		Release|Any CPU = Release|Any CPU
	EndGlobalSection
	GlobalSection(ProjectConfigurationPlatforms) = postSolution
		{7949AAA1-4EE6-D9FF-BEE0-D046C6C04472}.Debug|Any CPU.ActiveCfg = Debug|Any CPU
		{7949AAA1-4EE6-D9FF-BEE0-D046C6C04472}.Debug|Any CPU.Build.0 = Debug|Any CPU
		{7949AAA1-4EE6-D9FF-BEE0-D046C6C04472}.Release|Any CPU.ActiveCfg = Release|Any CPU
		{7949AAA1-4EE6-D9FF-BEE0-D046C6C04472}.Release|Any CPU.Build.0 = Release|Any CPU
		{CA65E8B0-AED0-718B-07C5-2151B335D1DA}.Debug|Any CPU.ActiveCfg = Debug|Any CPU
		{CA65E8B0-AED0-718B-07C5-2151B335D1DA}.Debug|Any CPU.Build.0 = Debug|Any CPU
		{CA65E8B0-AED0-718B-07C5-2151B335D1DA}.Release|Any CPU.ActiveCfg = Release|Any CPU
		{CA65E8B0-AED0-718B-07C5-2151B335D1DA}.Release|Any CPU.Build.0 = Release|Any CPU
	EndGlobalSection
	GlobalSection(SolutionProperties) = preSolution
		HideSolutionNode = FALSE
	EndGlobalSection
EndGlobal
